
Microsoft Visual Studio Solution File, Format Version 12.00
# Visual Studio Version 17
VisualStudioVersion = 17.14.36203.30
MinimumVisualStudioVersion = 10.0.40219.1
Project("{FAE04EC0-301F-11D3-BF4B-00C04F79EFBC}") = "ShoppingBasket.Api", "src\ShoppingBasket.Api\ShoppingBasket.Api.csproj", "{EA652391-0F2F-3131-41BB-8A5A898A9ACB}"
EndProject
Project("{FAE04EC0-301F-11D3-BF4B-00C04F79EFBC}") = "ShoppingBasket.Tests", "test\ShoppingBasket.Tests\ShoppingBasket.Tests.csproj", "{1180FE32-7E3F-4F6B-AE7E-4B92A9981448}"
EndProject
Global
	GlobalSection(SolutionConfigurationPlatforms) = preSolution
		Debug|Any CPU = Debug|Any CPU
		Release|Any CPU = Release|Any CPU
	EndGlobalSection
	GlobalSection(ProjectConfigurationPlatforms) = postSolution
		{EA652391-0F2F-3131-41BB-8A5A898A9ACB}.Debug|Any CPU.ActiveCfg = Debug|Any CPU
		{EA652391-0F2F-3131-41BB-8A5A898A9ACB}.Debug|Any CPU.Build.0 = Debug|Any CPU
		{EA652391-0F2F-3131-41BB-8A5A898A9ACB}.Release|Any CPU.ActiveCfg = Release|Any CPU
		{EA652391-0F2F-3131-41BB-8A5A898A9ACB}.Release|Any CPU.Build.0 = Release|Any CPU
		{1180FE32-7E3F-4F6B-AE7E-4B92A9981448}.Debug|Any CPU.ActiveCfg = Debug|Any CPU
		{1180FE32-7E3F-4F6B-AE7E-4B92A9981448}.Debug|Any CPU.Build.0 = Debug|Any CPU
		{1180FE32-7E3F-4F6B-AE7E-4B92A9981448}.Release|Any CPU.ActiveCfg = Release|Any CPU
		{1180FE32-7E3F-4F6B-AE7E-4B92A9981448}.Release|Any CPU.Build.0 = Release|Any CPU
	EndGlobalSection
	GlobalSection(SolutionProperties) = preSolution
		HideSolutionNode = FALSE
	EndGlobalSection
	GlobalSection(ExtensibilityGlobals) = postSolution
		SolutionGuid = {2A5138AB-10D6-4145-9FE8-A5005C0909B7}
	EndGlobalSection
EndGlobal
